
Microsoft Visual Studio Solution File, Format Version 12.00
# Visual Studio Version 16
VisualStudioVersion = 16.0.29609.76
MinimumVisualStudioVersion = 10.0.40219.1
Project("{FAE04EC0-301F-11D3-BF4B-00C04F79EFBC}") = "NexusBankApi", "NexusBankApi.csproj", "{CA9E8D71-1F70-482A-9196-57697AB12153}"
EndProject
Global
	GlobalSection(SolutionConfigurationPlatforms) = preSolution
		Debug|Any CPU = Debug|Any CPU
		Release|Any CPU = Release|Any CPU
	EndGlobalSection
	GlobalSection(ProjectConfigurationPlatforms) = postSolution
		{CA9E8D71-1F70-482A-9196-57697AB12153}.Debug|Any CPU.ActiveCfg = Debug|Any CPU
		{CA9E8D71-1F70-482A-9196-57697AB12153}.Debug|Any CPU.Build.0 = Debug|Any CPU
		{CA9E8D71-1F70-482A-9196-57697AB12153}.Release|Any CPU.ActiveCfg = Release|Any CPU
		{CA9E8D71-1F70-482A-9196-57697AB12153}.Release|Any CPU.Build.0 = Release|Any CPU
	EndGlobalSection
	GlobalSection(SolutionProperties) = preSolution
		HideSolutionNode = FALSE
	EndGlobalSection
	GlobalSection(ExtensibilityGlobals) = postSolution
		SolutionGuid = {0EFBD6DA-E248-4CB0-936E-3240FDF89C91}
	EndGlobalSection
EndGlobal
